
Microsoft Visual Studio Solution File, Format Version 12.00
# Visual Studio Version 17
VisualStudioVersion = 17.4.33403.182
MinimumVisualStudioVersion = 10.0.40219.1
Project("{FAE04EC0-301F-11D3-BF4B-00C04F79EFBC}") = "CarSej", "CarSej\CarSej.csproj", "{C17BD214-FC19-4F5A-A5E0-25F830998EF0}"
EndProject
Project("{FAE04EC0-301F-11D3-BF4B-00C04F79EFBC}") = "BIzness", "BIzness\BIzness.csproj", "{D0D3191D-F3D9-464B-A531-C6B5DBD62E73}"
EndProject
Project("{FAE04EC0-301F-11D3-BF4B-00C04F79EFBC}") = "ConsoleApp1", "ConsoleApp1\ConsoleApp1.csproj", "{DDF1B58F-8724-4AD7-9FCE-87DB8FE2CE12}"
EndProject
Global
	GlobalSection(SolutionConfigurationPlatforms) = preSolution
		Debug|Any CPU = Debug|Any CPU
		Release|Any CPU = Release|Any CPU
	EndGlobalSection
	GlobalSection(ProjectConfigurationPlatforms) = postSolution
		{C17BD214-FC19-4F5A-A5E0-25F830998EF0}.Debug|Any CPU.ActiveCfg = Debug|Any CPU
		{C17BD214-FC19-4F5A-A5E0-25F830998EF0}.Debug|Any CPU.Build.0 = Debug|Any CPU
		{C17BD214-FC19-4F5A-A5E0-25F830998EF0}.Release|Any CPU.ActiveCfg = Release|Any CPU
		{C17BD214-FC19-4F5A-A5E0-25F830998EF0}.Release|Any CPU.Build.0 = Release|Any CPU
		{D0D3191D-F3D9-464B-A531-C6B5DBD62E73}.Debug|Any CPU.ActiveCfg = Debug|Any CPU
		{D0D3191D-F3D9-464B-A531-C6B5DBD62E73}.Debug|Any CPU.Build.0 = Debug|Any CPU
		{D0D3191D-F3D9-464B-A531-C6B5DBD62E73}.Release|Any CPU.ActiveCfg = Release|Any CPU
		{D0D3191D-F3D9-464B-A531-C6B5DBD62E73}.Release|Any CPU.Build.0 = Release|Any CPU
		{DDF1B58F-8724-4AD7-9FCE-87DB8FE2CE12}.Debug|Any CPU.ActiveCfg = Debug|Any CPU
		{DDF1B58F-8724-4AD7-9FCE-87DB8FE2CE12}.Debug|Any CPU.Build.0 = Debug|Any CPU
		{DDF1B58F-8724-4AD7-9FCE-87DB8FE2CE12}.Release|Any CPU.ActiveCfg = Release|Any CPU
		{DDF1B58F-8724-4AD7-9FCE-87DB8FE2CE12}.Release|Any CPU.Build.0 = Release|Any CPU
	EndGlobalSection
	GlobalSection(SolutionProperties) = preSolution
		HideSolutionNode = FALSE
	EndGlobalSection
	GlobalSection(ExtensibilityGlobals) = postSolution
		SolutionGuid = {02903485-AD7B-4589-B4CB-8A2D12F93646}
	EndGlobalSection
EndGlobal
